
Microsoft Visual Studio Solution File, Format Version 12.00
# Visual Studio Version 17
VisualStudioVersion = 17.8.34322.80
MinimumVisualStudioVersion = 10.0.40219.1
Project("{FAE04EC0-301F-11D3-BF4B-00C04F79EFBC}") = "DraggableHMIControlsLib", "DraggableHMIControlsLib\DraggableHMIControlsLib.csproj", "{9ECD6E56-C025-4F01-830F-9557A8590AFD}"
EndProject
Global
	GlobalSection(SolutionConfigurationPlatforms) = preSolution
		Debug|Any CPU = Debug|Any CPU
		Release|Any CPU = Release|Any CPU
	EndGlobalSection
	GlobalSection(ProjectConfigurationPlatforms) = postSolution
		{9ECD6E56-C025-4F01-830F-9557A8590AFD}.Debug|Any CPU.ActiveCfg = Debug|Any CPU
		{9ECD6E56-C025-4F01-830F-9557A8590AFD}.Debug|Any CPU.Build.0 = Debug|Any CPU
		{9ECD6E56-C025-4F01-830F-9557A8590AFD}.Release|Any CPU.ActiveCfg = Release|Any CPU
		{9ECD6E56-C025-4F01-830F-9557A8590AFD}.Release|Any CPU.Build.0 = Release|Any CPU
	EndGlobalSection
	GlobalSection(SolutionProperties) = preSolution
		HideSolutionNode = FALSE
	EndGlobalSection
	GlobalSection(ExtensibilityGlobals) = postSolution
		SolutionGuid = {C5CD0F31-2F27-4D31-BCCE-3DC21246E271}
	EndGlobalSection
EndGlobal
